// !$*UTF8*$!
{
	archiveVersion = 1;
	classes = {
	};
	objectVersion = 46;
	objects = {

/* Begin PBXBuildFile section */
		9EE027DD18F591C200967066 /* Foundation.framework in Frameworks */ = {isa = PBXBuildFile; fileRef = 9EE027DC18F591C200967066 /* Foundation.framework */; };
		9EE027DF18F591C200967066 /* CoreGraphics.framework in Frameworks */ = {isa = PBXBuildFile; fileRef = 9EE027DE18F591C200967066 /* CoreGraphics.framework */; };
		9EE027E118F591C200967066 /* UIKit.framework in Frameworks */ = {isa = PBXBuildFile; fileRef = 9EE027E018F591C200967066 /* UIKit.framework */; };
		9EE027E718F591C200967066 /* InfoPlist.strings in Resources */ = {isa = PBXBuildFile; fileRef = 9EE027E518F591C200967066 /* InfoPlist.strings */; };
		9EE027E918F591C200967066 /* main.m in Sources */ = {isa = PBXBuildFile; fileRef = 9EE027E818F591C200967066 /* main.m */; };
		9EE027ED18F591C200967066 /* EKToolsExampleAppDelegate.m in Sources */ = {isa = PBXBuildFile; fileRef = 9EE027EC18F591C200967066 /* EKToolsExampleAppDelegate.m */; };
		9EE027F018F591C200967066 /* Main.storyboard in Resources */ = {isa = PBXBuildFile; fileRef = 9EE027EE18F591C200967066 /* Main.storyboard */; };
		9EE027F318F591C200967066 /* EKToolsExampleViewController.m in Sources */ = {isa = PBXBuildFile; fileRef = 9EE027F218F591C200967066 /* EKToolsExampleViewController.m */; };
		9EE027F518F591C200967066 /* Images.xcassets in Resources */ = {isa = PBXBuildFile; fileRef = 9EE027F418F591C200967066 /* Images.xcassets */; };
		9EE027FC18F591C200967066 /* XCTest.framework in Frameworks */ = {isa = PBXBuildFile; fileRef = 9EE027FB18F591C200967066 /* XCTest.framework */; };
		9EE027FD18F591C200967066 /* Foundation.framework in Frameworks */ = {isa = PBXBuildFile; fileRef = 9EE027DC18F591C200967066 /* Foundation.framework */; };
		9EE027FE18F591C200967066 /* UIKit.framework in Frameworks */ = {isa = PBXBuildFile; fileRef = 9EE027E018F591C200967066 /* UIKit.framework */; };
		9EE0280618F591C200967066 /* InfoPlist.strings in Resources */ = {isa = PBXBuildFile; fileRef = 9EE0280418F591C200967066 /* InfoPlist.strings */; };
		9EE0280818F591C200967066 /* EKToolsExampleTests.m in Sources */ = {isa = PBXBuildFile; fileRef = 9EE0280718F591C200967066 /* EKToolsExampleTests.m */; };
		9EE0281318F591FC00967066 /* libEKTools.a in Frameworks */ = {isa = PBXBuildFile; fileRef = 9EE0281218F591FC00967066 /* libEKTools.a */; };
/* End PBXBuildFile section */

/* Begin PBXContainerItemProxy section */
		9EE027FF18F591C200967066 /* PBXContainerItemProxy */ = {
			isa = PBXContainerItemProxy;
			containerPortal = 9EE027D118F591C200967066 /* Project object */;
			proxyType = 1;
			remoteGlobalIDString = 9EE027D818F591C200967066;
			remoteInfo = EKToolsExample;
		};
/* End PBXContainerItemProxy section */

/* Begin PBXFileReference section */
		9EE027D918F591C200967066 /* EKToolsExample.app */ = {isa = PBXFileReference; explicitFileType = wrapper.application; includeInIndex = 0; path = EKToolsExample.app; sourceTree = BUILT_PRODUCTS_DIR; };
		9EE027DC18F591C200967066 /* Foundation.framework */ = {isa = PBXFileReference; lastKnownFileType = wrapper.framework; name = Foundation.framework; path = System/Library/Frameworks/Foundation.framework; sourceTree = SDKROOT; };
		9EE027DE18F591C200967066 /* CoreGraphics.framework */ = {isa = PBXFileReference; lastKnownFileType = wrapper.framework; name = CoreGraphics.framework; path = System/Library/Frameworks/CoreGraphics.framework; sourceTree = SDKROOT; };
		9EE027E018F591C200967066 /* UIKit.framework */ = {isa = PBXFileReference; lastKnownFileType = wrapper.framework; name = UIKit.framework; path = System/Library/Frameworks/UIKit.framework; sourceTree = SDKROOT; };
		9EE027E418F591C200967066 /* EKToolsExample-Info.plist */ = {isa = PBXFileReference; lastKnownFileType = text.plist.xml; path = "EKToolsExample-Info.plist"; sourceTree = "<group>"; };
		9EE027E618F591C200967066 /* en */ = {isa = PBXFileReference; lastKnownFileType = text.plist.strings; name = en; path = en.lproj/InfoPlist.strings; sourceTree = "<group>"; };
		9EE027E818F591C200967066 /* main.m */ = {isa = PBXFileReference; lastKnownFileType = sourcecode.c.objc; path = main.m; sourceTree = "<group>"; };
		9EE027EA18F591C200967066 /* EKToolsExample-Prefix.pch */ = {isa = PBXFileReference; lastKnownFileType = sourcecode.c.h; path = "EKToolsExample-Prefix.pch"; sourceTree = "<group>"; };
		9EE027EB18F591C200967066 /* EKToolsExampleAppDelegate.h */ = {isa = PBXFileReference; lastKnownFileType = sourcecode.c.h; path = EKToolsExampleAppDelegate.h; sourceTree = "<group>"; };
		9EE027EC18F591C200967066 /* EKToolsExampleAppDelegate.m */ = {isa = PBXFileReference; lastKnownFileType = sourcecode.c.objc; path = EKToolsExampleAppDelegate.m; sourceTree = "<group>"; };
		9EE027EF18F591C200967066 /* Base */ = {isa = PBXFileReference; lastKnownFileType = file.storyboard; name = Base; path = Base.lproj/Main.storyboard; sourceTree = "<group>"; };
		9EE027F118F591C200967066 /* EKToolsExampleViewController.h */ = {isa = PBXFileReference; lastKnownFileType = sourcecode.c.h; path = EKToolsExampleViewController.h; sourceTree = "<group>"; };
		9EE027F218F591C200967066 /* EKToolsExampleViewController.m */ = {isa = PBXFileReference; lastKnownFileType = sourcecode.c.objc; path = EKToolsExampleViewController.m; sourceTree = "<group>"; };
		9EE027F418F591C200967066 /* Images.xcassets */ = {isa = PBXFileReference; lastKnownFileType = folder.assetcatalog; path = Images.xcassets; sourceTree = "<group>"; };
		9EE027FA18F591C200967066 /* EKToolsExampleTests.xctest */ = {isa = PBXFileReference; explicitFileType = wrapper.cfbundle; includeInIndex = 0; path = EKToolsExampleTests.xctest; sourceTree = BUILT_PRODUCTS_DIR; };
		9EE027FB18F591C200967066 /* XCTest.framework */ = {isa = PBXFileReference; lastKnownFileType = wrapper.framework; name = XCTest.framework; path = Library/Frameworks/XCTest.framework; sourceTree = DEVELOPER_DIR; };
		9EE0280318F591C200967066 /* EKToolsExampleTests-Info.plist */ = {isa = PBXFileReference; lastKnownFileType = text.plist.xml; path = "EKToolsExampleTests-Info.plist"; sourceTree = "<group>"; };
		9EE0280518F591C200967066 /* en */ = {isa = PBXFileReference; lastKnownFileType = text.plist.strings; name = en; path = en.lproj/InfoPlist.strings; sourceTree = "<group>"; };
		9EE0280718F591C200967066 /* EKToolsExampleTests.m */ = {isa = PBXFileReference; lastKnownFileType = sourcecode.c.objc; path = EKToolsExampleTests.m; sourceTree = "<group>"; };
		9EE0281218F591FC00967066 /* libEKTools.a */ = {isa = PBXFileReference; lastKnownFileType = archive.ar; name = libEKTools.a; path = "../EKTools/build/Debug-iphoneos/libEKTools.a"; sourceTree = "<group>"; };
		9EE0281418F593B400967066 /* libCalendarTools.a */ = {isa = PBXFileReference; lastKnownFileType = archive.ar; name = libCalendarTools.a; path = "../CalendarTools/CalendarTools/build/Debug-iphoneos/libCalendarTools.a"; sourceTree = "<group>"; };
/* End PBXFileReference section */

/* Begin PBXFrameworksBuildPhase section */
		9EE027D618F591C200967066 /* Frameworks */ = {
			isa = PBXFrameworksBuildPhase;
			buildActionMask = 2147483647;
			files = (
				9EE0281318F591FC00967066 /* libEKTools.a in Frameworks */,
				9EE027DF18F591C200967066 /* CoreGraphics.framework in Frameworks */,
				9EE027E118F591C200967066 /* UIKit.framework in Frameworks */,
				9EE027DD18F591C200967066 /* Foundation.framework in Frameworks */,
			);
			runOnlyForDeploymentPostprocessing = 0;
		};
		9EE027F718F591C200967066 /* Frameworks */ = {
			isa = PBXFrameworksBuildPhase;
			buildActionMask = 2147483647;
			files = (
				9EE027FC18F591C200967066 /* XCTest.framework in Frameworks */,
				9EE027FE18F591C200967066 /* UIKit.framework in Frameworks */,
				9EE027FD18F591C200967066 /* Foundation.framework in Frameworks */,
			);
			runOnlyForDeploymentPostprocessing = 0;
		};
/* End PBXFrameworksBuildPhase section */

/* Begin PBXGroup section */
		9EE027D018F591C200967066 = {
			isa = PBXGroup;
			children = (
				9EE027E218F591C200967066 /* EKToolsExample */,
				9EE0280118F591C200967066 /* EKToolsExampleTests */,
				9EE027DB18F591C200967066 /* Frameworks */,
				9EE027DA18F591C200967066 /* Products */,
			);
			sourceTree = "<group>";
		};
		9EE027DA18F591C200967066 /* Products */ = {
			isa = PBXGroup;
			children = (
				9EE027D918F591C200967066 /* EKToolsExample.app */,
				9EE027FA18F591C200967066 /* EKToolsExampleTests.xctest */,
			);
			name = Products;
			sourceTree = "<group>";
		};
		9EE027DB18F591C200967066 /* Frameworks */ = {
			isa = PBXGroup;
			children = (
				9EE0281418F593B400967066 /* libCalendarTools.a */,
				9EE0281218F591FC00967066 /* libEKTools.a */,
				9EE027DC18F591C200967066 /* Foundation.framework */,
				9EE027DE18F591C200967066 /* CoreGraphics.framework */,
				9EE027E018F591C200967066 /* UIKit.framework */,
				9EE027FB18F591C200967066 /* XCTest.framework */,
			);
			name = Frameworks;
			sourceTree = "<group>";
		};
		9EE027E218F591C200967066 /* EKToolsExample */ = {
			isa = PBXGroup;
			children = (
				9EE027EB18F591C200967066 /* EKToolsExampleAppDelegate.h */,
				9EE027EC18F591C200967066 /* EKToolsExampleAppDelegate.m */,
				9EE027F118F591C200967066 /* EKToolsExampleViewController.h */,
				9EE027F218F591C200967066 /* EKToolsExampleViewController.m */,
				9EE0281118F591CB00967066 /* UX */,
				9EE027E318F591C200967066 /* Supporting Files */,
			);
			path = EKToolsExample;
			sourceTree = "<group>";
		};
		9EE027E318F591C200967066 /* Supporting Files */ = {
			isa = PBXGroup;
			children = (
				9EE027E418F591C200967066 /* EKToolsExample-Info.plist */,
				9EE027E518F591C200967066 /* InfoPlist.strings */,
				9EE027E818F591C200967066 /* main.m */,
				9EE027EA18F591C200967066 /* EKToolsExample-Prefix.pch */,
			);
			name = "Supporting Files";
			sourceTree = "<group>";
		};
		9EE0280118F591C200967066 /* EKToolsExampleTests */ = {
			isa = PBXGroup;
			children = (
				9EE0280718F591C200967066 /* EKToolsExampleTests.m */,
				9EE0280218F591C200967066 /* Supporting Files */,
			);
			path = EKToolsExampleTests;
			sourceTree = "<group>";
		};
		9EE0280218F591C200967066 /* Supporting Files */ = {
			isa = PBXGroup;
			children = (
				9EE0280318F591C200967066 /* EKToolsExampleTests-Info.plist */,
				9EE0280418F591C200967066 /* InfoPlist.strings */,
			);
			name = "Supporting Files";
			sourceTree = "<group>";
		};
		9EE0281118F591CB00967066 /* UX */ = {
			isa = PBXGroup;
			children = (
				9EE027EE18F591C200967066 /* Main.storyboard */,
				9EE027F418F591C200967066 /* Images.xcassets */,
			);
			name = UX;
			sourceTree = "<group>";
		};
/* End PBXGroup section */

/* Begin PBXNativeTarget section */
		9EE027D818F591C200967066 /* EKToolsExample */ = {
			isa = PBXNativeTarget;
			buildConfigurationList = 9EE0280B18F591C200967066 /* Build configuration list for PBXNativeTarget "EKToolsExample" */;
			buildPhases = (
				9EE027D518F591C200967066 /* Sources */,
				9EE027D618F591C200967066 /* Frameworks */,
				9EE027D718F591C200967066 /* Resources */,
			);
			buildRules = (
			);
			dependencies = (
			);
			name = EKToolsExample;
			productName = EKToolsExample;
			productReference = 9EE027D918F591C200967066 /* EKToolsExample.app */;
			productType = "com.apple.product-type.application";
		};
		9EE027F918F591C200967066 /* EKToolsExampleTests */ = {
			isa = PBXNativeTarget;
			buildConfigurationList = 9EE0280E18F591C200967066 /* Build configuration list for PBXNativeTarget "EKToolsExampleTests" */;
			buildPhases = (
				9EE027F618F591C200967066 /* Sources */,
				9EE027F718F591C200967066 /* Frameworks */,
				9EE027F818F591C200967066 /* Resources */,
			);
			buildRules = (
			);
			dependencies = (
				9EE0280018F591C200967066 /* PBXTargetDependency */,
			);
			name = EKToolsExampleTests;
			productName = EKToolsExampleTests;
			productReference = 9EE027FA18F591C200967066 /* EKToolsExampleTests.xctest */;
			productType = "com.apple.product-type.bundle.unit-test";
		};
/* End PBXNativeTarget section */

/* Begin PBXProject section */
		9EE027D118F591C200967066 /* Project object */ = {
			isa = PBXProject;
			attributes = {
				CLASSPREFIX = EKToolsExample;
				LastUpgradeCheck = 0510;
				ORGANIZATIONNAME = "Keith Ermel";
				TargetAttributes = {
					9EE027F918F591C200967066 = {
						TestTargetID = 9EE027D818F591C200967066;
					};
				};
			};
			buildConfigurationList = 9EE027D418F591C200967066 /* Build configuration list for PBXProject "EKToolsExample" */;
			compatibilityVersion = "Xcode 3.2";
			developmentRegion = English;
			hasScannedForEncodings = 0;
			knownRegions = (
				en,
				Base,
			);
			mainGroup = 9EE027D018F591C200967066;
			productRefGroup = 9EE027DA18F591C200967066 /* Products */;
			projectDirPath = "";
			projectRoot = "";
			targets = (
				9EE027D818F591C200967066 /* EKToolsExample */,
				9EE027F918F591C200967066 /* EKToolsExampleTests */,
			);
		};
/* End PBXProject section */

/* Begin PBXResourcesBuildPhase section */
		9EE027D718F591C200967066 /* Resources */ = {
			isa = PBXResourcesBuildPhase;
			buildActionMask = 2147483647;
			files = (
				9EE027F518F591C200967066 /* Images.xcassets in Resources */,
				9EE027E718F591C200967066 /* InfoPlist.strings in Resources */,
				9EE027F018F591C200967066 /* Main.storyboard in Resources */,
			);
			runOnlyForDeploymentPostprocessing = 0;
		};
		9EE027F818F591C200967066 /* Resources */ = {
			isa = PBXResourcesBuildPhase;
			buildActionMask = 2147483647;
			files = (
				9EE0280618F591C200967066 /* InfoPlist.strings in Resources */,
			);
			runOnlyForDeploymentPostprocessing = 0;
		};
/* End PBXResourcesBuildPhase section */

/* Begin PBXSourcesBuildPhase section */
		9EE027D518F591C200967066 /* Sources */ = {
			isa = PBXSourcesBuildPhase;
			buildActionMask = 2147483647;
			files = (
				9EE027F318F591C200967066 /* EKToolsExampleViewController.m in Sources */,
				9EE027E918F591C200967066 /* main.m in Sources */,
				9EE027ED18F591C200967066 /* EKToolsExampleAppDelegate.m in Sources */,
			);
			runOnlyForDeploymentPostprocessing = 0;
		};
		9EE027F618F591C200967066 /* Sources */ = {
			isa = PBXSourcesBuildPhase;
			buildActionMask = 2147483647;
			files = (
				9EE0280818F591C200967066 /* EKToolsExampleTests.m in Sources */,
			);
			runOnlyForDeploymentPostprocessing = 0;
		};
/* End PBXSourcesBuildPhase section */

/* Begin PBXTargetDependency section */
		9EE0280018F591C200967066 /* PBXTargetDependency */ = {
			isa = PBXTargetDependency;
			target = 9EE027D818F591C200967066 /* EKToolsExample */;
			targetProxy = 9EE027FF18F591C200967066 /* PBXContainerItemProxy */;
		};
/* End PBXTargetDependency section */

/* Begin PBXVariantGroup section */
		9EE027E518F591C200967066 /* InfoPlist.strings */ = {
			isa = PBXVariantGroup;
			children = (
				9EE027E618F591C200967066 /* en */,
			);
			name = InfoPlist.strings;
			sourceTree = "<group>";
		};
		9EE027EE18F591C200967066 /* Main.storyboard */ = {
			isa = PBXVariantGroup;
			children = (
				9EE027EF18F591C200967066 /* Base */,
			);
			name = Main.storyboard;
			sourceTree = "<group>";
		};
		9EE0280418F591C200967066 /* InfoPlist.strings */ = {
			isa = PBXVariantGroup;
			children = (
				9EE0280518F591C200967066 /* en */,
			);
			name = InfoPlist.strings;
			sourceTree = "<group>";
		};
/* End PBXVariantGroup section */

/* Begin XCBuildConfiguration section */
		9EE0280918F591C200967066 /* Debug */ = {
			isa = XCBuildConfiguration;
			buildSettings = {
				ALWAYS_SEARCH_USER_PATHS = NO;
				CLANG_CXX_LANGUAGE_STANDARD = "gnu++0x";
				CLANG_CXX_LIBRARY = "libc++";
				CLANG_ENABLE_MODULES = YES;
				CLANG_ENABLE_OBJC_ARC = YES;
				CLANG_WARN_BOOL_CONVERSION = YES;
				CLANG_WARN_CONSTANT_CONVERSION = YES;
				CLANG_WARN_DIRECT_OBJC_ISA_USAGE = YES_ERROR;
				CLANG_WARN_EMPTY_BODY = YES;
				CLANG_WARN_ENUM_CONVERSION = YES;
				CLANG_WARN_INT_CONVERSION = YES;
				CLANG_WARN_OBJC_ROOT_CLASS = YES_ERROR;
				CLANG_WARN__DUPLICATE_METHOD_MATCH = YES;
				"CODE_SIGN_IDENTITY[sdk=iphoneos*]" = "iPhone Developer";
				COPY_PHASE_STRIP = NO;
				GCC_C_LANGUAGE_STANDARD = gnu99;
				GCC_DYNAMIC_NO_PIC = NO;
				GCC_OPTIMIZATION_LEVEL = 0;
				GCC_PREPROCESSOR_DEFINITIONS = (
					"DEBUG=1",
					"$(inherited)",
				);
				GCC_SYMBOLS_PRIVATE_EXTERN = NO;
				GCC_WARN_64_TO_32_BIT_CONVERSION = YES;
				GCC_WARN_ABOUT_RETURN_TYPE = YES_ERROR;
				GCC_WARN_UNDECLARED_SELECTOR = YES;
				GCC_WARN_UNINITIALIZED_AUTOS = YES_AGGRESSIVE;
				GCC_WARN_UNUSED_FUNCTION = YES;
				GCC_WARN_UNUSED_VARIABLE = YES;
				IPHONEOS_DEPLOYMENT_TARGET = 7.1;
				ONLY_ACTIVE_ARCH = YES;
				SDKROOT = iphoneos;
			};
			name = Debug;
		};
		9EE0280A18F591C200967066 /* Release */ = {
			isa = XCBuildConfiguration;
			buildSettings = {
				ALWAYS_SEARCH_USER_PATHS = NO;
				CLANG_CXX_LANGUAGE_STANDARD = "gnu++0x";
				CLANG_CXX_LIBRARY = "libc++";
				CLANG_ENABLE_MODULES = YES;
				CLANG_ENABLE_OBJC_ARC = YES;
				CLANG_WARN_BOOL_CONVERSION = YES;
				CLANG_WARN_CONSTANT_CONVERSION = YES;
				CLANG_WARN_DIRECT_OBJC_ISA_USAGE = YES_ERROR;
				CLANG_WARN_EMPTY_BODY = YES;
				CLANG_WARN_ENUM_CONVERSION = YES;
				CLANG_WARN_INT_CONVERSION = YES;
				CLANG_WARN_OBJC_ROOT_CLASS = YES_ERROR;
				CLANG_WARN__DUPLICATE_METHOD_MATCH = YES;
				"CODE_SIGN_IDENTITY[sdk=iphoneos*]" = "iPhone Developer";
				COPY_PHASE_STRIP = YES;
				ENABLE_NS_ASSERTIONS = NO;
				GCC_C_LANGUAGE_STANDARD = gnu99;
				GCC_WARN_64_TO_32_BIT_CONVERSION = YES;
				GCC_WARN_ABOUT_RETURN_TYPE = YES_ERROR;
				GCC_WARN_UNDECLARED_SELECTOR = YES;
				GCC_WARN_UNINITIALIZED_AUTOS = YES_AGGRESSIVE;
				GCC_WARN_UNUSED_FUNCTION = YES;
				GCC_WARN_UNUSED_VARIABLE = YES;
				IPHONEOS_DEPLOYMENT_TARGET = 7.1;
				SDKROOT = iphoneos;
				VALIDATE_PRODUCT = YES;
			};
			name = Release;
		};
		9EE0280C18F591C200967066 /* Debug */ = {
			isa = XCBuildConfiguration;
			buildSettings = {
				ASSETCATALOG_COMPILER_APPICON_NAME = AppIcon;
				ASSETCATALOG_COMPILER_LAUNCHIMAGE_NAME = LaunchImage;
				GCC_PRECOMPILE_PREFIX_HEADER = YES;
				GCC_PREFIX_HEADER = "EKToolsExample/EKToolsExample-Prefix.pch";
				INFOPLIST_FILE = "EKToolsExample/EKToolsExample-Info.plist";
				LIBRARY_SEARCH_PATHS = (
					"$(inherited)",
					"/Users/kermel/Code/iOS/projects/EKTools/EKTools/build/Debug-iphoneos",
					"/Users/kermel/Code/iOS/projects/EKTools/CalendarTools/CalendarTools/build/Debug-iphoneos",
				);
				OTHER_LDFLAGS = "-ObjC";
				PRODUCT_NAME = "$(TARGET_NAME)";
				WRAPPER_EXTENSION = app;
			};
			name = Debug;
		};
		9EE0280D18F591C200967066 /* Release */ = {
			isa = XCBuildConfiguration;
			buildSettings = {
				ASSETCATALOG_COMPILER_APPICON_NAME = AppIcon;
				ASSETCATALOG_COMPILER_LAUNCHIMAGE_NAME = LaunchImage;
				GCC_PRECOMPILE_PREFIX_HEADER = YES;
				GCC_PREFIX_HEADER = "EKToolsExample/EKToolsExample-Prefix.pch";
				INFOPLIST_FILE = "EKToolsExample/EKToolsExample-Info.plist";
				LIBRARY_SEARCH_PATHS = (
					"$(inherited)",
					"/Users/kermel/Code/iOS/projects/EKTools/EKTools/build/Debug-iphoneos",
					"/Users/kermel/Code/iOS/projects/EKTools/CalendarTools/CalendarTools/build/Debug-iphoneos",
				);
				OTHER_LDFLAGS = "-ObjC";
				PRODUCT_NAME = "$(TARGET_NAME)";
				WRAPPER_EXTENSION = app;
			};
			name = Release;
		};
		9EE0280F18F591C200967066 /* Debug */ = {
			isa = XCBuildConfiguration;
			buildSettings = {
				BUNDLE_LOADER = "$(BUILT_PRODUCTS_DIR)/EKToolsExample.app/EKToolsExample";
				FRAMEWORK_SEARCH_PATHS = (
					"$(SDKROOT)/Developer/Library/Frameworks",
					"$(inherited)",
					"$(DEVELOPER_FRAMEWORKS_DIR)",
				);
				GCC_PRECOMPILE_PREFIX_HEADER = YES;
				GCC_PREFIX_HEADER = "EKToolsExample/EKToolsExample-Prefix.pch";
				GCC_PREPROCESSOR_DEFINITIONS = (
					"DEBUG=1",
					"$(inherited)",
				);
				INFOPLIST_FILE = "EKToolsExampleTests/EKToolsExampleTests-Info.plist";
				PRODUCT_NAME = "$(TARGET_NAME)";
				TEST_HOST = "$(BUNDLE_LOADER)";
				WRAPPER_EXTENSION = xctest;
			};
			name = Debug;
		};
		9EE0281018F591C200967066 /* Release */ = {
			isa = XCBuildConfiguration;
			buildSettings = {
				BUNDLE_LOADER = "$(BUILT_PRODUCTS_DIR)/EKToolsExample.app/EKToolsExample";
				FRAMEWORK_SEARCH_PATHS = (
					"$(SDKROOT)/Developer/Library/Frameworks",
					"$(inherited)",
					"$(DEVELOPER_FRAMEWORKS_DIR)",
				);
				GCC_PRECOMPILE_PREFIX_HEADER = YES;
				GCC_PREFIX_HEADER = "EKToolsExample/EKToolsExample-Prefix.pch";
				INFOPLIST_FILE = "EKToolsExampleTests/EKToolsExampleTests-Info.plist";
				PRODUCT_NAME = "$(TARGET_NAME)";
				TEST_HOST = "$(BUNDLE_LOADER)";
				WRAPPER_EXTENSION = xctest;
			};
			name = Release;
		};
/* End XCBuildConfiguration section */

/* Begin XCConfigurationList section */
		9EE027D418F591C200967066 /* Build configuration list for PBXProject "EKToolsExample" */ = {
			isa = XCConfigurationList;
			buildConfigurations = (
				9EE0280918F591C200967066 /* Debug */,
				9EE0280A18F591C200967066 /* Release */,
			);
			defaultConfigurationIsVisible = 0;
			defaultConfigurationName = Release;
		};
		9EE0280B18F591C200967066 /* Build configuration list for PBXNativeTarget "EKToolsExample" */ = {
			isa = XCConfigurationList;
			buildConfigurations = (
				9EE0280C18F591C200967066 /* Debug */,
				9EE0280D18F591C200967066 /* Release */,
			);
			defaultConfigurationIsVisible = 0;
			defaultConfigurationName = Release;
		};
		9EE0280E18F591C200967066 /* Build configuration list for PBXNativeTarget "EKToolsExampleTests" */ = {
			isa = XCConfigurationList;
			buildConfigurations = (
				9EE0280F18F591C200967066 /* Debug */,
				9EE0281018F591C200967066 /* Release */,
			);
			defaultConfigurationIsVisible = 0;
			defaultConfigurationName = Release;
		};
/* End XCConfigurationList section */
	};
	rootObject = 9EE027D118F591C200967066 /* Project object */;
}
